// !$*UTF8*$!
{
	archiveVersion = 1;
	classes = {
	};
	objectVersion = 46;
	objects = {

/* Begin PBXBuildFile section */
		990A7DD41C01C3B500BEBAA4 /* VenuesService.swift in Sources */ = {isa = PBXBuildFile; fileRef = 990A7DD31C01C3B500BEBAA4 /* VenuesService.swift */; };
		990A7DD61C01C46300BEBAA4 /* Venues.swift in Sources */ = {isa = PBXBuildFile; fileRef = 990A7DD51C01C46300BEBAA4 /* Venues.swift */; };
		990A7DD81C01C73800BEBAA4 /* Error.swift in Sources */ = {isa = PBXBuildFile; fileRef = 990A7DD71C01C73800BEBAA4 /* Error.swift */; };
		990A7DDA1C01C9C600BEBAA4 /* Venue.swift in Sources */ = {isa = PBXBuildFile; fileRef = 990A7DD91C01C9C600BEBAA4 /* Venue.swift */; };
		990D2A9A1C09075A00757968 /* AboutViewController.swift in Sources */ = {isa = PBXBuildFile; fileRef = 990D2A991C09075A00757968 /* AboutViewController.swift */; };
		994D86A91C038DD1008C1106 /* MenuViewController.swift in Sources */ = {isa = PBXBuildFile; fileRef = 994D86A81C038DD1008C1106 /* MenuViewController.swift */; };
		994D86AB1C03A129008C1106 /* Menu.swift in Sources */ = {isa = PBXBuildFile; fileRef = 994D86AA1C03A129008C1106 /* Menu.swift */; };
		994D86AD1C03ABC1008C1106 /* MapViewController.swift in Sources */ = {isa = PBXBuildFile; fileRef = 994D86AC1C03ABC1008C1106 /* MapViewController.swift */; };
		99827ACE1C012933001D10EF /* AppDelegate.swift in Sources */ = {isa = PBXBuildFile; fileRef = 99827ACD1C012933001D10EF /* AppDelegate.swift */; };
		99827AD31C012933001D10EF /* Main.storyboard in Resources */ = {isa = PBXBuildFile; fileRef = 99827AD11C012933001D10EF /* Main.storyboard */; };
		99827AD51C012933001D10EF /* Assets.xcassets in Resources */ = {isa = PBXBuildFile; fileRef = 99827AD41C012933001D10EF /* Assets.xcassets */; };
		99827AD81C012933001D10EF /* LaunchScreen.storyboard in Resources */ = {isa = PBXBuildFile; fileRef = 99827AD61C012933001D10EF /* LaunchScreen.storyboard */; };
		99827AE31C012933001D10EF /* LunchifyTests.swift in Sources */ = {isa = PBXBuildFile; fileRef = 99827AE21C012933001D10EF /* LunchifyTests.swift */; };
		99827AEE1C012933001D10EF /* LunchifyUITests.swift in Sources */ = {isa = PBXBuildFile; fileRef = 99827AED1C012933001D10EF /* LunchifyUITests.swift */; };
		99827B001C012B1B001D10EF /* VenuesTableViewController.swift in Sources */ = {isa = PBXBuildFile; fileRef = 99827AFF1C012B1B001D10EF /* VenuesTableViewController.swift */; };
		99827B051C012EB8001D10EF /* NetworkOperation.swift in Sources */ = {isa = PBXBuildFile; fileRef = 99827B041C012EB8001D10EF /* NetworkOperation.swift */; };
		99921CFD1CAEE0BD003134E4 /* Localizable.strings in Resources */ = {isa = PBXBuildFile; fileRef = 99921CFF1CAEE0BD003134E4 /* Localizable.strings */; };
		99C16FBB1CB2EA5B003B93AE /* GoogleService-Info.plist in Resources */ = {isa = PBXBuildFile; fileRef = 99C16FBA1CB2EA5B003B93AE /* GoogleService-Info.plist */; };
		99C16FBC1CB2EA5B003B93AE /* GoogleService-Info.plist in Resources */ = {isa = PBXBuildFile; fileRef = 99C16FBA1CB2EA5B003B93AE /* GoogleService-Info.plist */; };
		99C16FBD1CB2EA5B003B93AE /* GoogleService-Info.plist in Resources */ = {isa = PBXBuildFile; fileRef = 99C16FBA1CB2EA5B003B93AE /* GoogleService-Info.plist */; };
		99CC9F141C025ED8009BD3EE /* VenueTableViewCell.swift in Sources */ = {isa = PBXBuildFile; fileRef = 99CC9F131C025ED8009BD3EE /* VenueTableViewCell.swift */; };
		99DA1A1D1C0A78CF006CDD66 /* espoo.gpx in Resources */ = {isa = PBXBuildFile; fileRef = 99DA1A1C1C0A78CF006CDD66 /* espoo.gpx */; };
		99E6282C1D6E341200744D1F /* VenueMapViewController.swift in Sources */ = {isa = PBXBuildFile; fileRef = 99E6282B1D6E341200744D1F /* VenueMapViewController.swift */; };
		99F769841CAC4FA600DB7AE9 /* MenuTableViewCell.swift in Sources */ = {isa = PBXBuildFile; fileRef = 99F769831CAC4FA600DB7AE9 /* MenuTableViewCell.swift */; };
		CEAEF1DAF87B9701BB18E37D /* Pods_Lunchify.framework in Frameworks */ = {isa = PBXBuildFile; fileRef = 9E5D507FCE067F3C6FD6F562 /* Pods_Lunchify.framework */; };
/* End PBXBuildFile section */

/* Begin PBXContainerItemProxy section */
		99827ADF1C012933001D10EF /* PBXContainerItemProxy */ = {
			isa = PBXContainerItemProxy;
			containerPortal = 99827AC21C012933001D10EF /* Project object */;
			proxyType = 1;
			remoteGlobalIDString = 99827AC91C012933001D10EF;
			remoteInfo = Lunchify;
		};
		99827AEA1C012933001D10EF /* PBXContainerItemProxy */ = {
			isa = PBXContainerItemProxy;
			containerPortal = 99827AC21C012933001D10EF /* Project object */;
			proxyType = 1;
			remoteGlobalIDString = 99827AC91C012933001D10EF;
			remoteInfo = Lunchify;
		};
/* End PBXContainerItemProxy section */

/* Begin PBXFileReference section */
		237D2FE6785A73A605DFACA8 /* Pods-Lunchify.debug.xcconfig */ = {isa = PBXFileReference; includeInIndex = 1; lastKnownFileType = text.xcconfig; name = "Pods-Lunchify.debug.xcconfig"; path = "Pods/Target Support Files/Pods-Lunchify/Pods-Lunchify.debug.xcconfig"; sourceTree = "<group>"; };
		7CB522EE90074CDD49B00A0D /* Pods-Lunchify.release.xcconfig */ = {isa = PBXFileReference; includeInIndex = 1; lastKnownFileType = text.xcconfig; name = "Pods-Lunchify.release.xcconfig"; path = "Pods/Target Support Files/Pods-Lunchify/Pods-Lunchify.release.xcconfig"; sourceTree = "<group>"; };
		990A7DD31C01C3B500BEBAA4 /* VenuesService.swift */ = {isa = PBXFileReference; fileEncoding = 4; lastKnownFileType = sourcecode.swift; path = VenuesService.swift; sourceTree = "<group>"; };
		990A7DD51C01C46300BEBAA4 /* Venues.swift */ = {isa = PBXFileReference; fileEncoding = 4; lastKnownFileType = sourcecode.swift; path = Venues.swift; sourceTree = "<group>"; };
		990A7DD71C01C73800BEBAA4 /* Error.swift */ = {isa = PBXFileReference; fileEncoding = 4; lastKnownFileType = sourcecode.swift; path = Error.swift; sourceTree = "<group>"; };
		990A7DD91C01C9C600BEBAA4 /* Venue.swift */ = {isa = PBXFileReference; fileEncoding = 4; lastKnownFileType = sourcecode.swift; path = Venue.swift; sourceTree = "<group>"; };
		990D2A991C09075A00757968 /* AboutViewController.swift */ = {isa = PBXFileReference; fileEncoding = 4; lastKnownFileType = sourcecode.swift; path = AboutViewController.swift; sourceTree = "<group>"; };
		994D86A81C038DD1008C1106 /* MenuViewController.swift */ = {isa = PBXFileReference; fileEncoding = 4; lastKnownFileType = sourcecode.swift; path = MenuViewController.swift; sourceTree = "<group>"; };
		994D86AA1C03A129008C1106 /* Menu.swift */ = {isa = PBXFileReference; fileEncoding = 4; lastKnownFileType = sourcecode.swift; path = Menu.swift; sourceTree = "<group>"; };
		994D86AC1C03ABC1008C1106 /* MapViewController.swift */ = {isa = PBXFileReference; fileEncoding = 4; lastKnownFileType = sourcecode.swift; path = MapViewController.swift; sourceTree = "<group>"; };
		99827ACA1C012933001D10EF /* Lunchify.app */ = {isa = PBXFileReference; explicitFileType = wrapper.application; includeInIndex = 0; path = Lunchify.app; sourceTree = BUILT_PRODUCTS_DIR; };
		99827ACD1C012933001D10EF /* AppDelegate.swift */ = {isa = PBXFileReference; lastKnownFileType = sourcecode.swift; path = AppDelegate.swift; sourceTree = "<group>"; };
		99827AD21C012933001D10EF /* Base */ = {isa = PBXFileReference; lastKnownFileType = file.storyboard; name = Base; path = Base.lproj/Main.storyboard; sourceTree = "<group>"; };
		99827AD41C012933001D10EF /* Assets.xcassets */ = {isa = PBXFileReference; lastKnownFileType = folder.assetcatalog; path = Assets.xcassets; sourceTree = "<group>"; };
		99827AD71C012933001D10EF /* Base */ = {isa = PBXFileReference; lastKnownFileType = file.storyboard; name = Base; path = Base.lproj/LaunchScreen.storyboard; sourceTree = "<group>"; };
		99827AD91C012933001D10EF /* Info.plist */ = {isa = PBXFileReference; lastKnownFileType = text.plist.xml; path = Info.plist; sourceTree = "<group>"; };
		99827ADE1C012933001D10EF /* LunchifyTests.xctest */ = {isa = PBXFileReference; explicitFileType = wrapper.cfbundle; includeInIndex = 0; path = LunchifyTests.xctest; sourceTree = BUILT_PRODUCTS_DIR; };
		99827AE21C012933001D10EF /* LunchifyTests.swift */ = {isa = PBXFileReference; lastKnownFileType = sourcecode.swift; path = LunchifyTests.swift; sourceTree = "<group>"; };
		99827AE41C012933001D10EF /* Info.plist */ = {isa = PBXFileReference; lastKnownFileType = text.plist.xml; path = Info.plist; sourceTree = "<group>"; };
		99827AE91C012933001D10EF /* LunchifyUITests.xctest */ = {isa = PBXFileReference; explicitFileType = wrapper.cfbundle; includeInIndex = 0; path = LunchifyUITests.xctest; sourceTree = BUILT_PRODUCTS_DIR; };
		99827AED1C012933001D10EF /* LunchifyUITests.swift */ = {isa = PBXFileReference; lastKnownFileType = sourcecode.swift; path = LunchifyUITests.swift; sourceTree = "<group>"; };
		99827AEF1C012933001D10EF /* Info.plist */ = {isa = PBXFileReference; lastKnownFileType = text.plist.xml; path = Info.plist; sourceTree = "<group>"; };
		99827AFF1C012B1B001D10EF /* VenuesTableViewController.swift */ = {isa = PBXFileReference; fileEncoding = 4; lastKnownFileType = sourcecode.swift; path = VenuesTableViewController.swift; sourceTree = "<group>"; };
		99827B041C012EB8001D10EF /* NetworkOperation.swift */ = {isa = PBXFileReference; fileEncoding = 4; lastKnownFileType = sourcecode.swift; path = NetworkOperation.swift; sourceTree = "<group>"; };
		99921CEC1CAEDD78003134E4 /* fi */ = {isa = PBXFileReference; lastKnownFileType = text.plist.strings; name = fi; path = fi.lproj/Main.strings; sourceTree = "<group>"; };
		99921CED1CAEDD78003134E4 /* fi */ = {isa = PBXFileReference; lastKnownFileType = text.plist.strings; name = fi; path = fi.lproj/LaunchScreen.strings; sourceTree = "<group>"; };
		99921CFE1CAEE0BD003134E4 /* Base */ = {isa = PBXFileReference; lastKnownFileType = text.plist.strings; name = Base; path = Base.lproj/Localizable.strings; sourceTree = "<group>"; };
		99921D001CAEE0BF003134E4 /* fi */ = {isa = PBXFileReference; lastKnownFileType = text.plist.strings; name = fi; path = fi.lproj/Localizable.strings; sourceTree = "<group>"; };
		99B686041CB2F54000C19795 /* BridgingHeader.h */ = {isa = PBXFileReference; fileEncoding = 4; lastKnownFileType = sourcecode.c.h; path = BridgingHeader.h; sourceTree = "<group>"; };
		99C16FBA1CB2EA5B003B93AE /* GoogleService-Info.plist */ = {isa = PBXFileReference; fileEncoding = 4; lastKnownFileType = text.plist.xml; path = "GoogleService-Info.plist"; sourceTree = "<group>"; };
		99CC9F131C025ED8009BD3EE /* VenueTableViewCell.swift */ = {isa = PBXFileReference; fileEncoding = 4; lastKnownFileType = sourcecode.swift; path = VenueTableViewCell.swift; sourceTree = "<group>"; };
		99DA1A1C1C0A78CF006CDD66 /* espoo.gpx */ = {isa = PBXFileReference; fileEncoding = 4; lastKnownFileType = text.xml; name = espoo.gpx; path = ../espoo.gpx; sourceTree = "<group>"; };
		99E6282B1D6E341200744D1F /* VenueMapViewController.swift */ = {isa = PBXFileReference; fileEncoding = 4; lastKnownFileType = sourcecode.swift; path = VenueMapViewController.swift; sourceTree = "<group>"; };
		99F769831CAC4FA600DB7AE9 /* MenuTableViewCell.swift */ = {isa = PBXFileReference; fileEncoding = 4; lastKnownFileType = sourcecode.swift; path = MenuTableViewCell.swift; sourceTree = "<group>"; };
		99FEA4831CB1401D00065FD7 /* sv */ = {isa = PBXFileReference; lastKnownFileType = text.plist.strings; name = sv; path = sv.lproj/Main.strings; sourceTree = "<group>"; };
		99FEA4841CB1401D00065FD7 /* sv */ = {isa = PBXFileReference; lastKnownFileType = text.plist.strings; name = sv; path = sv.lproj/LaunchScreen.strings; sourceTree = "<group>"; };
		99FEA4851CB1401D00065FD7 /* sv */ = {isa = PBXFileReference; lastKnownFileType = text.plist.strings; name = sv; path = sv.lproj/Localizable.strings; sourceTree = "<group>"; };
		9E5D507FCE067F3C6FD6F562 /* Pods_Lunchify.framework */ = {isa = PBXFileReference; explicitFileType = wrapper.framework; includeInIndex = 0; path = Pods_Lunchify.framework; sourceTree = BUILT_PRODUCTS_DIR; };
/* End PBXFileReference section */

/* Begin PBXFrameworksBuildPhase section */
		99827AC71C012933001D10EF /* Frameworks */ = {
			isa = PBXFrameworksBuildPhase;
			buildActionMask = 2147483647;
			files = (
				CEAEF1DAF87B9701BB18E37D /* Pods_Lunchify.framework in Frameworks */,
			);
			runOnlyForDeploymentPostprocessing = 0;
		};
		99827ADB1C012933001D10EF /* Frameworks */ = {
			isa = PBXFrameworksBuildPhase;
			buildActionMask = 2147483647;
			files = (
			);
			runOnlyForDeploymentPostprocessing = 0;
		};
		99827AE61C012933001D10EF /* Frameworks */ = {
			isa = PBXFrameworksBuildPhase;
			buildActionMask = 2147483647;
			files = (
			);
			runOnlyForDeploymentPostprocessing = 0;
		};
/* End PBXFrameworksBuildPhase section */

/* Begin PBXGroup section */
		990A7DDB1C01CA6700BEBAA4 /* Collections */ = {
			isa = PBXGroup;
			children = (
				990A7DD51C01C46300BEBAA4 /* Venues.swift */,
			);
			name = Collections;
			sourceTree = "<group>";
		};
		99827AC11C012933001D10EF = {
			isa = PBXGroup;
			children = (
				99B686041CB2F54000C19795 /* BridgingHeader.h */,
				99C16FBA1CB2EA5B003B93AE /* GoogleService-Info.plist */,
				99827ACC1C012933001D10EF /* Lunchify */,
				99827AE11C012933001D10EF /* LunchifyTests */,
				99827AEC1C012933001D10EF /* LunchifyUITests */,
				99827ACB1C012933001D10EF /* Products */,
				ECCF6EC7A5B405883BE6D56B /* Pods */,
				F24B12A5AF510170EDDCB9FC /* Frameworks */,
			);
			sourceTree = "<group>";
		};
		99827ACB1C012933001D10EF /* Products */ = {
			isa = PBXGroup;
			children = (
				99827ACA1C012933001D10EF /* Lunchify.app */,
				99827ADE1C012933001D10EF /* LunchifyTests.xctest */,
				99827AE91C012933001D10EF /* LunchifyUITests.xctest */,
			);
			name = Products;
			sourceTree = "<group>";
		};
		99827ACC1C012933001D10EF /* Lunchify */ = {
			isa = PBXGroup;
			children = (
				990A7DDB1C01CA6700BEBAA4 /* Collections */,
				99827AFE1C012ACC001D10EF /* Helpers */,
				99827AFD1C012AC7001D10EF /* Models */,
				99827AFC1C012ABB001D10EF /* Controllers */,
				99827AFB1C012AB4001D10EF /* Views */,
				99827AD41C012933001D10EF /* Assets.xcassets */,
				99827AD91C012933001D10EF /* Info.plist */,
				99DA1A1C1C0A78CF006CDD66 /* espoo.gpx */,
				99921CFF1CAEE0BD003134E4 /* Localizable.strings */,
				99E6282B1D6E341200744D1F /* VenueMapViewController.swift */,
			);
			path = Lunchify;
			sourceTree = "<group>";
		};
		99827AE11C012933001D10EF /* LunchifyTests */ = {
			isa = PBXGroup;
			children = (
				99827AE21C012933001D10EF /* LunchifyTests.swift */,
				99827AE41C012933001D10EF /* Info.plist */,
			);
			path = LunchifyTests;
			sourceTree = "<group>";
		};
		99827AEC1C012933001D10EF /* LunchifyUITests */ = {
			isa = PBXGroup;
			children = (
				99827AED1C012933001D10EF /* LunchifyUITests.swift */,
				99827AEF1C012933001D10EF /* Info.plist */,
			);
			path = LunchifyUITests;
			sourceTree = "<group>";
		};
		99827AFB1C012AB4001D10EF /* Views */ = {
			isa = PBXGroup;
			children = (
				99827AD11C012933001D10EF /* Main.storyboard */,
				99827AD61C012933001D10EF /* LaunchScreen.storyboard */,
				99CC9F131C025ED8009BD3EE /* VenueTableViewCell.swift */,
				99F769831CAC4FA600DB7AE9 /* MenuTableViewCell.swift */,
			);
			name = Views;
			sourceTree = "<group>";
		};
		99827AFC1C012ABB001D10EF /* Controllers */ = {
			isa = PBXGroup;
			children = (
				99827AFF1C012B1B001D10EF /* VenuesTableViewController.swift */,
				994D86A81C038DD1008C1106 /* MenuViewController.swift */,
				994D86AC1C03ABC1008C1106 /* MapViewController.swift */,
				990D2A991C09075A00757968 /* AboutViewController.swift */,
			);
			name = Controllers;
			sourceTree = "<group>";
		};
		99827AFD1C012AC7001D10EF /* Models */ = {
			isa = PBXGroup;
			children = (
				990A7DD91C01C9C600BEBAA4 /* Venue.swift */,
				990A7DD71C01C73800BEBAA4 /* Error.swift */,
				994D86AA1C03A129008C1106 /* Menu.swift */,
			);
			name = Models;
			sourceTree = "<group>";
		};
		99827AFE1C012ACC001D10EF /* Helpers */ = {
			isa = PBXGroup;
			children = (
				99827ACD1C012933001D10EF /* AppDelegate.swift */,
				99827B041C012EB8001D10EF /* NetworkOperation.swift */,
				990A7DD31C01C3B500BEBAA4 /* VenuesService.swift */,
			);
			name = Helpers;
			sourceTree = "<group>";
		};
		ECCF6EC7A5B405883BE6D56B /* Pods */ = {
			isa = PBXGroup;
			children = (
				237D2FE6785A73A605DFACA8 /* Pods-Lunchify.debug.xcconfig */,
				7CB522EE90074CDD49B00A0D /* Pods-Lunchify.release.xcconfig */,
			);
			name = Pods;
			sourceTree = "<group>";
		};
		F24B12A5AF510170EDDCB9FC /* Frameworks */ = {
			isa = PBXGroup;
			children = (
				9E5D507FCE067F3C6FD6F562 /* Pods_Lunchify.framework */,
			);
			name = Frameworks;
			sourceTree = "<group>";
		};
/* End PBXGroup section */

/* Begin PBXNativeTarget section */
		99827AC91C012933001D10EF /* Lunchify */ = {
			isa = PBXNativeTarget;
			buildConfigurationList = 99827AF21C012933001D10EF /* Build configuration list for PBXNativeTarget "Lunchify" */;
			buildPhases = (
				412D41F18B30A49F34C56833 /* Check Pods Manifest.lock */,
				99827AC61C012933001D10EF /* Sources */,
				99827AC71C012933001D10EF /* Frameworks */,
				99827AC81C012933001D10EF /* Resources */,
				99827B031C012DD9001D10EF /* ShellScript */,
				5F9CF089CD53EF99F870E8D8 /* Embed Pods Frameworks */,
				91F7505E646885BC706D497B /* Copy Pods Resources */,
			);
			buildRules = (
			);
			dependencies = (
			);
			name = Lunchify;
			productName = Lunchify;
			productReference = 99827ACA1C012933001D10EF /* Lunchify.app */;
			productType = "com.apple.product-type.application";
		};
		99827ADD1C012933001D10EF /* LunchifyTests */ = {
			isa = PBXNativeTarget;
			buildConfigurationList = 99827AF51C012933001D10EF /* Build configuration list for PBXNativeTarget "LunchifyTests" */;
			buildPhases = (
				99827ADA1C012933001D10EF /* Sources */,
				99827ADB1C012933001D10EF /* Frameworks */,
				99827ADC1C012933001D10EF /* Resources */,
			);
			buildRules = (
			);
			dependencies = (
				99827AE01C012933001D10EF /* PBXTargetDependency */,
			);
			name = LunchifyTests;
			productName = LunchifyTests;
			productReference = 99827ADE1C012933001D10EF /* LunchifyTests.xctest */;
			productType = "com.apple.product-type.bundle.unit-test";
		};
		99827AE81C012933001D10EF /* LunchifyUITests */ = {
			isa = PBXNativeTarget;
			buildConfigurationList = 99827AF81C012933001D10EF /* Build configuration list for PBXNativeTarget "LunchifyUITests" */;
			buildPhases = (
				99827AE51C012933001D10EF /* Sources */,
				99827AE61C012933001D10EF /* Frameworks */,
				99827AE71C012933001D10EF /* Resources */,
			);
			buildRules = (
			);
			dependencies = (
				99827AEB1C012933001D10EF /* PBXTargetDependency */,
			);
			name = LunchifyUITests;
			productName = LunchifyUITests;
			productReference = 99827AE91C012933001D10EF /* LunchifyUITests.xctest */;
			productType = "com.apple.product-type.bundle.ui-testing";
		};
/* End PBXNativeTarget section */

/* Begin PBXProject section */
		99827AC21C012933001D10EF /* Project object */ = {
			isa = PBXProject;
			attributes = {
				LastSwiftUpdateCheck = 0710;
				LastUpgradeCheck = 0800;
				ORGANIZATIONNAME = "Sallar Kaboli";
				TargetAttributes = {
					99827AC91C012933001D10EF = {
						CreatedOnToolsVersion = 7.1.1;
						DevelopmentTeam = T73DCRT9J5;
						LastSwiftMigration = 0800;
					};
					99827ADD1C012933001D10EF = {
						CreatedOnToolsVersion = 7.1.1;
						LastSwiftMigration = 0800;
						TestTargetID = 99827AC91C012933001D10EF;
					};
					99827AE81C012933001D10EF = {
						CreatedOnToolsVersion = 7.1.1;
						LastSwiftMigration = 0800;
						TestTargetID = 99827AC91C012933001D10EF;
					};
				};
			};
			buildConfigurationList = 99827AC51C012933001D10EF /* Build configuration list for PBXProject "Lunchify" */;
			compatibilityVersion = "Xcode 3.2";
			developmentRegion = English;
			hasScannedForEncodings = 0;
			knownRegions = (
				en,
				Base,
				fi,
				sv,
			);
			mainGroup = 99827AC11C012933001D10EF;
			productRefGroup = 99827ACB1C012933001D10EF /* Products */;
			projectDirPath = "";
			projectRoot = "";
			targets = (
				99827AC91C012933001D10EF /* Lunchify */,
				99827ADD1C012933001D10EF /* LunchifyTests */,
				99827AE81C012933001D10EF /* LunchifyUITests */,
			);
		};
/* End PBXProject section */

/* Begin PBXResourcesBuildPhase section */
		99827AC81C012933001D10EF /* Resources */ = {
			isa = PBXResourcesBuildPhase;
			buildActionMask = 2147483647;
			files = (
				99921CFD1CAEE0BD003134E4 /* Localizable.strings in Resources */,
				99DA1A1D1C0A78CF006CDD66 /* espoo.gpx in Resources */,
				99827AD81C012933001D10EF /* LaunchScreen.storyboard in Resources */,
				99827AD51C012933001D10EF /* Assets.xcassets in Resources */,
				99827AD31C012933001D10EF /* Main.storyboard in Resources */,
				99C16FBB1CB2EA5B003B93AE /* GoogleService-Info.plist in Resources */,
			);
			runOnlyForDeploymentPostprocessing = 0;
		};
		99827ADC1C012933001D10EF /* Resources */ = {
			isa = PBXResourcesBuildPhase;
			buildActionMask = 2147483647;
			files = (
				99C16FBC1CB2EA5B003B93AE /* GoogleService-Info.plist in Resources */,
			);
			runOnlyForDeploymentPostprocessing = 0;
		};
		99827AE71C012933001D10EF /* Resources */ = {
			isa = PBXResourcesBuildPhase;
			buildActionMask = 2147483647;
			files = (
				99C16FBD1CB2EA5B003B93AE /* GoogleService-Info.plist in Resources */,
			);
			runOnlyForDeploymentPostprocessing = 0;
		};
/* End PBXResourcesBuildPhase section */

/* Begin PBXShellScriptBuildPhase section */
		412D41F18B30A49F34C56833 /* Check Pods Manifest.lock */ = {
			isa = PBXShellScriptBuildPhase;
			buildActionMask = 2147483647;
			files = (
			);
			inputPaths = (
			);
			name = "Check Pods Manifest.lock";
			outputPaths = (
			);
			runOnlyForDeploymentPostprocessing = 0;
			shellPath = /bin/sh;
			shellScript = "diff \"${PODS_ROOT}/../Podfile.lock\" \"${PODS_ROOT}/Manifest.lock\" > /dev/null\nif [[ $? != 0 ]] ; then\n    cat << EOM\nerror: The sandbox is not in sync with the Podfile.lock. Run 'pod install' or update your CocoaPods installation.\nEOM\n    exit 1\nfi\n";
			showEnvVarsInLog = 0;
		};
		5F9CF089CD53EF99F870E8D8 /* Embed Pods Frameworks */ = {
			isa = PBXShellScriptBuildPhase;
			buildActionMask = 2147483647;
			files = (
			);
			inputPaths = (
			);
			name = "Embed Pods Frameworks";
			outputPaths = (
			);
			runOnlyForDeploymentPostprocessing = 0;
			shellPath = /bin/sh;
			shellScript = "\"${SRCROOT}/Pods/Target Support Files/Pods-Lunchify/Pods-Lunchify-frameworks.sh\"\n";
			showEnvVarsInLog = 0;
		};
		91F7505E646885BC706D497B /* Copy Pods Resources */ = {
			isa = PBXShellScriptBuildPhase;
			buildActionMask = 2147483647;
			files = (
			);
			inputPaths = (
			);
			name = "Copy Pods Resources";
			outputPaths = (
			);
			runOnlyForDeploymentPostprocessing = 0;
			shellPath = /bin/sh;
			shellScript = "\"${SRCROOT}/Pods/Target Support Files/Pods-Lunchify/Pods-Lunchify-resources.sh\"\n";
			showEnvVarsInLog = 0;
		};
		99827B031C012DD9001D10EF /* ShellScript */ = {
			isa = PBXShellScriptBuildPhase;
			buildActionMask = 2147483647;
			files = (
			);
			inputPaths = (
			);
			outputPaths = (
			);
			runOnlyForDeploymentPostprocessing = 0;
			shellPath = /bin/sh;
			shellScript = "";
		};
/* End PBXShellScriptBuildPhase section */

/* Begin PBXSourcesBuildPhase section */
		99827AC61C012933001D10EF /* Sources */ = {
			isa = PBXSourcesBuildPhase;
			buildActionMask = 2147483647;
			files = (
				994D86AD1C03ABC1008C1106 /* MapViewController.swift in Sources */,
				99827B051C012EB8001D10EF /* NetworkOperation.swift in Sources */,
				990A7DDA1C01C9C600BEBAA4 /* Venue.swift in Sources */,
				994D86A91C038DD1008C1106 /* MenuViewController.swift in Sources */,
				990A7DD61C01C46300BEBAA4 /* Venues.swift in Sources */,
				99E6282C1D6E341200744D1F /* VenueMapViewController.swift in Sources */,
				994D86AB1C03A129008C1106 /* Menu.swift in Sources */,
				990D2A9A1C09075A00757968 /* AboutViewController.swift in Sources */,
				99CC9F141C025ED8009BD3EE /* VenueTableViewCell.swift in Sources */,
				990A7DD41C01C3B500BEBAA4 /* VenuesService.swift in Sources */,
				99F769841CAC4FA600DB7AE9 /* MenuTableViewCell.swift in Sources */,
				99827ACE1C012933001D10EF /* AppDelegate.swift in Sources */,
				990A7DD81C01C73800BEBAA4 /* Error.swift in Sources */,
				99827B001C012B1B001D10EF /* VenuesTableViewController.swift in Sources */,
			);
			runOnlyForDeploymentPostprocessing = 0;
		};
		99827ADA1C012933001D10EF /* Sources */ = {
			isa = PBXSourcesBuildPhase;
			buildActionMask = 2147483647;
			files = (
				99827AE31C012933001D10EF /* LunchifyTests.swift in Sources */,
			);
			runOnlyForDeploymentPostprocessing = 0;
		};
		99827AE51C012933001D10EF /* Sources */ = {
			isa = PBXSourcesBuildPhase;
			buildActionMask = 2147483647;
			files = (
				99827AEE1C012933001D10EF /* LunchifyUITests.swift in Sources */,
			);
			runOnlyForDeploymentPostprocessing = 0;
		};
/* End PBXSourcesBuildPhase section */

/* Begin PBXTargetDependency section */
		99827AE01C012933001D10EF /* PBXTargetDependency */ = {
			isa = PBXTargetDependency;
			target = 99827AC91C012933001D10EF /* Lunchify */;
			targetProxy = 99827ADF1C012933001D10EF /* PBXContainerItemProxy */;
		};
		99827AEB1C012933001D10EF /* PBXTargetDependency */ = {
			isa = PBXTargetDependency;
			target = 99827AC91C012933001D10EF /* Lunchify */;
			targetProxy = 99827AEA1C012933001D10EF /* PBXContainerItemProxy */;
		};
/* End PBXTargetDependency section */

/* Begin PBXVariantGroup section */
		99827AD11C012933001D10EF /* Main.storyboard */ = {
			isa = PBXVariantGroup;
			children = (
				99827AD21C012933001D10EF /* Base */,
				99921CEC1CAEDD78003134E4 /* fi */,
				99FEA4831CB1401D00065FD7 /* sv */,
			);
			name = Main.storyboard;
			sourceTree = "<group>";
		};
		99827AD61C012933001D10EF /* LaunchScreen.storyboard */ = {
			isa = PBXVariantGroup;
			children = (
				99827AD71C012933001D10EF /* Base */,
				99921CED1CAEDD78003134E4 /* fi */,
				99FEA4841CB1401D00065FD7 /* sv */,
			);
			name = LaunchScreen.storyboard;
			sourceTree = "<group>";
		};
		99921CFF1CAEE0BD003134E4 /* Localizable.strings */ = {
			isa = PBXVariantGroup;
			children = (
				99921CFE1CAEE0BD003134E4 /* Base */,
				99921D001CAEE0BF003134E4 /* fi */,
				99FEA4851CB1401D00065FD7 /* sv */,
			);
			name = Localizable.strings;
			sourceTree = "<group>";
		};
/* End PBXVariantGroup section */

/* Begin XCBuildConfiguration section */
		99827AF01C012933001D10EF /* Debug */ = {
			isa = XCBuildConfiguration;
			buildSettings = {
				ALWAYS_SEARCH_USER_PATHS = NO;
				CLANG_ANALYZER_LOCALIZABILITY_NONLOCALIZED = YES;
				CLANG_CXX_LANGUAGE_STANDARD = "gnu++0x";
				CLANG_CXX_LIBRARY = "libc++";
				CLANG_ENABLE_MODULES = YES;
				CLANG_ENABLE_OBJC_ARC = YES;
				CLANG_WARN_BOOL_CONVERSION = YES;
				CLANG_WARN_CONSTANT_CONVERSION = YES;
				CLANG_WARN_DIRECT_OBJC_ISA_USAGE = YES_ERROR;
				CLANG_WARN_EMPTY_BODY = YES;
				CLANG_WARN_ENUM_CONVERSION = YES;
				CLANG_WARN_INT_CONVERSION = YES;
				CLANG_WARN_OBJC_ROOT_CLASS = YES_ERROR;
				CLANG_WARN_UNREACHABLE_CODE = YES;
				CLANG_WARN__DUPLICATE_METHOD_MATCH = YES;
				CODE_SIGN_IDENTITY = "iPhone Developer: Salar Kaboli (S4S57TCD63)";
				"CODE_SIGN_IDENTITY[sdk=iphoneos*]" = "iPhone Developer: Salar Kaboli (S4S57TCD63)";
				COPY_PHASE_STRIP = NO;
				DEBUG_INFORMATION_FORMAT = dwarf;
				ENABLE_STRICT_OBJC_MSGSEND = YES;
				ENABLE_TESTABILITY = YES;
				GCC_C_LANGUAGE_STANDARD = gnu99;
				GCC_DYNAMIC_NO_PIC = NO;
				GCC_NO_COMMON_BLOCKS = YES;
				GCC_OPTIMIZATION_LEVEL = 0;
				GCC_PREPROCESSOR_DEFINITIONS = (
					"DEBUG=1",
					"$(inherited)",
				);
				GCC_WARN_64_TO_32_BIT_CONVERSION = YES;
				GCC_WARN_ABOUT_RETURN_TYPE = YES_ERROR;
				GCC_WARN_UNDECLARED_SELECTOR = YES;
				GCC_WARN_UNINITIALIZED_AUTOS = YES_AGGRESSIVE;
				GCC_WARN_UNUSED_FUNCTION = YES;
				GCC_WARN_UNUSED_VARIABLE = YES;
				IPHONEOS_DEPLOYMENT_TARGET = 9.1;
				MTL_ENABLE_DEBUG_INFO = YES;
				ONLY_ACTIVE_ARCH = YES;
				SDKROOT = iphoneos;
				SWIFT_OPTIMIZATION_LEVEL = "-Onone";
			};
			name = Debug;
		};
		99827AF11C012933001D10EF /* Release */ = {
			isa = XCBuildConfiguration;
			buildSettings = {
				ALWAYS_SEARCH_USER_PATHS = NO;
				CLANG_ANALYZER_LOCALIZABILITY_NONLOCALIZED = YES;
				CLANG_CXX_LANGUAGE_STANDARD = "gnu++0x";
				CLANG_CXX_LIBRARY = "libc++";
				CLANG_ENABLE_MODULES = YES;
				CLANG_ENABLE_OBJC_ARC = YES;
				CLANG_WARN_BOOL_CONVERSION = YES;
				CLANG_WARN_CONSTANT_CONVERSION = YES;
				CLANG_WARN_DIRECT_OBJC_ISA_USAGE = YES_ERROR;
				CLANG_WARN_EMPTY_BODY = YES;
				CLANG_WARN_ENUM_CONVERSION = YES;
				CLANG_WARN_INT_CONVERSION = YES;
				CLANG_WARN_OBJC_ROOT_CLASS = YES_ERROR;
				CLANG_WARN_UNREACHABLE_CODE = YES;
				CLANG_WARN__DUPLICATE_METHOD_MATCH = YES;
				CODE_SIGN_IDENTITY = "iPhone Distribution: Salar Kaboli (T73DCRT9J5)";
				"CODE_SIGN_IDENTITY[sdk=iphoneos*]" = "iPhone Distribution: Salar Kaboli (T73DCRT9J5)";
				COPY_PHASE_STRIP = NO;
				DEBUG_INFORMATION_FORMAT = "dwarf-with-dsym";
				ENABLE_NS_ASSERTIONS = NO;
				ENABLE_STRICT_OBJC_MSGSEND = YES;
				GCC_C_LANGUAGE_STANDARD = gnu99;
				GCC_NO_COMMON_BLOCKS = YES;
				GCC_WARN_64_TO_32_BIT_CONVERSION = YES;
				GCC_WARN_ABOUT_RETURN_TYPE = YES_ERROR;
				GCC_WARN_UNDECLARED_SELECTOR = YES;
				GCC_WARN_UNINITIALIZED_AUTOS = YES_AGGRESSIVE;
				GCC_WARN_UNUSED_FUNCTION = YES;
				GCC_WARN_UNUSED_VARIABLE = YES;
				IPHONEOS_DEPLOYMENT_TARGET = 9.1;
				MTL_ENABLE_DEBUG_INFO = NO;
				SDKROOT = iphoneos;
				VALIDATE_PRODUCT = YES;
			};
			name = Release;
		};
		99827AF31C012933001D10EF /* Debug */ = {
			isa = XCBuildConfiguration;
			baseConfigurationReference = 237D2FE6785A73A605DFACA8 /* Pods-Lunchify.debug.xcconfig */;
			buildSettings = {
				ALWAYS_EMBED_SWIFT_STANDARD_LIBRARIES = YES;
				ASSETCATALOG_COMPILER_APPICON_NAME = AppIcon;
				CLANG_ENABLE_MODULES = YES;
				CODE_SIGN_IDENTITY = "iPhone Developer";
				"CODE_SIGN_IDENTITY[sdk=iphoneos*]" = "iPhone Developer";
				ENABLE_BITCODE = YES;
				FRAMEWORK_SEARCH_PATHS = "$(inherited)";
				INFOPLIST_FILE = Lunchify/Info.plist;
				IPHONEOS_DEPLOYMENT_TARGET = 9.0;
				LD_RUNPATH_SEARCH_PATHS = "$(inherited) @executable_path/Frameworks";
				PRODUCT_BUNDLE_IDENTIFIER = Lunchify;
				PRODUCT_NAME = "$(TARGET_NAME)";
				PROVISIONING_PROFILE = "";
				SWIFT_OBJC_BRIDGING_HEADER = BridgingHeader.h;
				SWIFT_OPTIMIZATION_LEVEL = "-Onone";
				SWIFT_VERSION = 2.3;
			};
			name = Debug;
		};
		99827AF41C012933001D10EF /* Release */ = {
			isa = XCBuildConfiguration;
			baseConfigurationReference = 7CB522EE90074CDD49B00A0D /* Pods-Lunchify.release.xcconfig */;
			buildSettings = {
				ALWAYS_EMBED_SWIFT_STANDARD_LIBRARIES = YES;
				ASSETCATALOG_COMPILER_APPICON_NAME = AppIcon;
				CLANG_ENABLE_MODULES = YES;
				CODE_SIGN_IDENTITY = "iPhone Developer";
				"CODE_SIGN_IDENTITY[sdk=iphoneos*]" = "iPhone Developer";
				ENABLE_BITCODE = YES;
				FRAMEWORK_SEARCH_PATHS = "$(inherited)";
				INFOPLIST_FILE = Lunchify/Info.plist;
				IPHONEOS_DEPLOYMENT_TARGET = 9.0;
				LD_RUNPATH_SEARCH_PATHS = "$(inherited) @executable_path/Frameworks";
				PRODUCT_BUNDLE_IDENTIFIER = Lunchify;
				PRODUCT_NAME = "$(TARGET_NAME)";
				PROVISIONING_PROFILE = "";
				SWIFT_OBJC_BRIDGING_HEADER = BridgingHeader.h;
				SWIFT_OPTIMIZATION_LEVEL = "-Owholemodule";
				SWIFT_VERSION = 2.3;
			};
			name = Release;
		};
		99827AF61C012933001D10EF /* Debug */ = {
			isa = XCBuildConfiguration;
			buildSettings = {
				BUNDLE_LOADER = "$(TEST_HOST)";
				INFOPLIST_FILE = LunchifyTests/Info.plist;
				LD_RUNPATH_SEARCH_PATHS = "$(inherited) @executable_path/Frameworks @loader_path/Frameworks";
				PRODUCT_BUNDLE_IDENTIFIER = me.sallar.LunchifyTests;
				PRODUCT_NAME = "$(TARGET_NAME)";
				SWIFT_VERSION = 2.3;
				TEST_HOST = "$(BUILT_PRODUCTS_DIR)/Lunchify.app/Lunchify";
			};
			name = Debug;
		};
		99827AF71C012933001D10EF /* Release */ = {
			isa = XCBuildConfiguration;
			buildSettings = {
				BUNDLE_LOADER = "$(TEST_HOST)";
				INFOPLIST_FILE = LunchifyTests/Info.plist;
				LD_RUNPATH_SEARCH_PATHS = "$(inherited) @executable_path/Frameworks @loader_path/Frameworks";
				PRODUCT_BUNDLE_IDENTIFIER = me.sallar.LunchifyTests;
				PRODUCT_NAME = "$(TARGET_NAME)";
				SWIFT_OPTIMIZATION_LEVEL = "-Owholemodule";
				SWIFT_VERSION = 2.3;
				TEST_HOST = "$(BUILT_PRODUCTS_DIR)/Lunchify.app/Lunchify";
			};
			name = Release;
		};
		99827AF91C012933001D10EF /* Debug */ = {
			isa = XCBuildConfiguration;
			buildSettings = {
				INFOPLIST_FILE = LunchifyUITests/Info.plist;
				LD_RUNPATH_SEARCH_PATHS = "$(inherited) @executable_path/Frameworks @loader_path/Frameworks";
				PRODUCT_BUNDLE_IDENTIFIER = me.sallar.LunchifyUITests;
				PRODUCT_NAME = "$(TARGET_NAME)";
				SWIFT_VERSION = 2.3;
				TEST_TARGET_NAME = Lunchify;
				USES_XCTRUNNER = YES;
			};
			name = Debug;
		};
		99827AFA1C012933001D10EF /* Release */ = {
			isa = XCBuildConfiguration;
			buildSettings = {
				INFOPLIST_FILE = LunchifyUITests/Info.plist;
				LD_RUNPATH_SEARCH_PATHS = "$(inherited) @executable_path/Frameworks @loader_path/Frameworks";
				PRODUCT_BUNDLE_IDENTIFIER = me.sallar.LunchifyUITests;
				PRODUCT_NAME = "$(TARGET_NAME)";
				SWIFT_OPTIMIZATION_LEVEL = "-Owholemodule";
				SWIFT_VERSION = 2.3;
				TEST_TARGET_NAME = Lunchify;
				USES_XCTRUNNER = YES;
			};
			name = Release;
		};
/* End XCBuildConfiguration section */

/* Begin XCConfigurationList section */
		99827AC51C012933001D10EF /* Build configuration list for PBXProject "Lunchify" */ = {
			isa = XCConfigurationList;
			buildConfigurations = (
				99827AF01C012933001D10EF /* Debug */,
				99827AF11C012933001D10EF /* Release */,
			);
			defaultConfigurationIsVisible = 0;
			defaultConfigurationName = Release;
		};
		99827AF21C012933001D10EF /* Build configuration list for PBXNativeTarget "Lunchify" */ = {
			isa = XCConfigurationList;
			buildConfigurations = (
				99827AF31C012933001D10EF /* Debug */,
				99827AF41C012933001D10EF /* Release */,
			);
			defaultConfigurationIsVisible = 0;
			defaultConfigurationName = Release;
		};
		99827AF51C012933001D10EF /* Build configuration list for PBXNativeTarget "LunchifyTests" */ = {
			isa = XCConfigurationList;
			buildConfigurations = (
				99827AF61C012933001D10EF /* Debug */,
				99827AF71C012933001D10EF /* Release */,
			);
			defaultConfigurationIsVisible = 0;
			defaultConfigurationName = Release;
		};
		99827AF81C012933001D10EF /* Build configuration list for PBXNativeTarget "LunchifyUITests" */ = {
			isa = XCConfigurationList;
			buildConfigurations = (
				99827AF91C012933001D10EF /* Debug */,
				99827AFA1C012933001D10EF /* Release */,
			);
			defaultConfigurationIsVisible = 0;
			defaultConfigurationName = Release;
		};
/* End XCConfigurationList section */
	};
	rootObject = 99827AC21C012933001D10EF /* Project object */;
}
